
Microsoft Visual Studio Solution File, Format Version 12.00
# Visual Studio 15
VisualStudioVersion = 15.0.28307.271
MinimumVisualStudioVersion = 10.0.40219.1
Project("{FAE04EC0-301F-11D3-BF4B-00C04F79EFBC}") = "DinnerPartyDemo", "DinnerPartyDemo\DinnerPartyDemo.csproj", "{3F063F69-C3A3-461C-A34C-2E3D767F1A97}"
EndProject
Global
	GlobalSection(SolutionConfigurationPlatforms) = preSolution
		Debug|Any CPU = Debug|Any CPU
		Release|Any CPU = Release|Any CPU
	EndGlobalSection
	GlobalSection(ProjectConfigurationPlatforms) = postSolution
		{3F063F69-C3A3-461C-A34C-2E3D767F1A97}.Debug|Any CPU.ActiveCfg = Debug|Any CPU
		{3F063F69-C3A3-461C-A34C-2E3D767F1A97}.Debug|Any CPU.Build.0 = Debug|Any CPU
		{3F063F69-C3A3-461C-A34C-2E3D767F1A97}.Release|Any CPU.ActiveCfg = Release|Any CPU
		{3F063F69-C3A3-461C-A34C-2E3D767F1A97}.Release|Any CPU.Build.0 = Release|Any CPU
	EndGlobalSection
	GlobalSection(SolutionProperties) = preSolution
		HideSolutionNode = FALSE
	EndGlobalSection
	GlobalSection(ExtensibilityGlobals) = postSolution
		SolutionGuid = {6B877FA3-2836-484B-BDDA-AA92CC6AC4B3}
	EndGlobalSection
EndGlobal
